
Microsoft Visual Studio Solution File, Format Version 12.00
# Visual Studio Version 17
VisualStudioVersion = 17.13.35931.197 d17.13
MinimumVisualStudioVersion = 10.0.40219.1
Project("{FAE04EC0-301F-11D3-BF4B-00C04F79EFBC}") = "LMSTest", "LMSTest.csproj", "{F1972B8C-AF69-4E02-8737-A8566375FF55}"
EndProject
Global
	GlobalSection(SolutionConfigurationPlatforms) = preSolution
		Debug|Any CPU = Debug|Any CPU
		Release|Any CPU = Release|Any CPU
	EndGlobalSection
	GlobalSection(ProjectConfigurationPlatforms) = postSolution
		{F1972B8C-AF69-4E02-8737-A8566375FF55}.Debug|Any CPU.ActiveCfg = Debug|Any CPU
		{F1972B8C-AF69-4E02-8737-A8566375FF55}.Debug|Any CPU.Build.0 = Debug|Any CPU
		{F1972B8C-AF69-4E02-8737-A8566375FF55}.Release|Any CPU.ActiveCfg = Release|Any CPU
		{F1972B8C-AF69-4E02-8737-A8566375FF55}.Release|Any CPU.Build.0 = Release|Any CPU
	EndGlobalSection
	GlobalSection(SolutionProperties) = preSolution
		HideSolutionNode = FALSE
	EndGlobalSection
	GlobalSection(ExtensibilityGlobals) = postSolution
		SolutionGuid = {8E393A5A-4615-453F-8ACA-72626C922549}
	EndGlobalSection
EndGlobal
